
Microsoft Visual Studio Solution File, Format Version 12.00
# Visual Studio 15
VisualStudioVersion = 15.0.26124.0
MinimumVisualStudioVersion = 15.0.26124.0
Project("{2150E333-8FDC-42A3-9474-1A3956D46DE8}") = "Libraries", "Libraries", "{07B2D19B-87A2-4CE7-86FB-4BF7247A7C57}"
EndProject
Project("{FAE04EC0-301F-11D3-BF4B-00C04F79EFBC}") = "Jambopay.Core", "Libraries\Jambopay.Core\Jambopay.Core.csproj", "{CC7F1E2F-2550-4C43-BB8E-8F0CE382401F}"
EndProject
Project("{FAE04EC0-301F-11D3-BF4B-00C04F79EFBC}") = "Jambopay.Data", "Libraries\Jambopay.Data\Jambopay.Data.csproj", "{2A7BDA47-84F7-46C0-9D4A-0B07821DA3A3}"
EndProject
Project("{FAE04EC0-301F-11D3-BF4B-00C04F79EFBC}") = "Jambopay.Services", "Libraries\Jambopay.Services\Jambopay.Services.csproj", "{F073FAA7-38A9-4C54-83FE-1024652C6FDF}"
EndProject
Project("{2150E333-8FDC-42A3-9474-1A3956D46DE8}") = "Presentation", "Presentation", "{12826ABB-3FF3-460E-801F-3AD3B3F2D3D2}"
EndProject
Project("{FAE04EC0-301F-11D3-BF4B-00C04F79EFBC}") = "Jambopay.Web.Framework", "Presentation\Jambopay.Web.Framework\Jambopay.Web.Framework.csproj", "{8E8B7D62-75A3-4518-98B4-21480CC56B20}"
EndProject
Project("{FAE04EC0-301F-11D3-BF4B-00C04F79EFBC}") = "Jambopay.Web.Api", "Presentation\Jambopay.Web.Api\Jambopay.Web.Api.csproj", "{87FF2EBA-77A9-4237-AE18-C0140838D54D}"
EndProject
Project("{2150E333-8FDC-42A3-9474-1A3956D46DE8}") = "Tests", "Tests", "{F68076D4-896C-43B9-B874-1042A85EBEC2}"
EndProject
Project("{FAE04EC0-301F-11D3-BF4B-00C04F79EFBC}") = "Jambopay.Web.Framework.Tests", "Tests\Jambopay.Web.Framework.Tests\Jambopay.Web.Framework.Tests.csproj", "{A0448A40-961E-4FE2-BFBB-BC232533744F}"
EndProject
Global
	GlobalSection(SolutionConfigurationPlatforms) = preSolution
		Debug|Any CPU = Debug|Any CPU
		Debug|x64 = Debug|x64
		Debug|x86 = Debug|x86
		Release|Any CPU = Release|Any CPU
		Release|x64 = Release|x64
		Release|x86 = Release|x86
	EndGlobalSection
	GlobalSection(SolutionProperties) = preSolution
		HideSolutionNode = FALSE
	EndGlobalSection
	GlobalSection(ProjectConfigurationPlatforms) = postSolution
		{CC7F1E2F-2550-4C43-BB8E-8F0CE382401F}.Debug|Any CPU.ActiveCfg = Debug|Any CPU
		{CC7F1E2F-2550-4C43-BB8E-8F0CE382401F}.Debug|Any CPU.Build.0 = Debug|Any CPU
		{CC7F1E2F-2550-4C43-BB8E-8F0CE382401F}.Debug|x64.ActiveCfg = Debug|Any CPU
		{CC7F1E2F-2550-4C43-BB8E-8F0CE382401F}.Debug|x64.Build.0 = Debug|Any CPU
		{CC7F1E2F-2550-4C43-BB8E-8F0CE382401F}.Debug|x86.ActiveCfg = Debug|Any CPU
		{CC7F1E2F-2550-4C43-BB8E-8F0CE382401F}.Debug|x86.Build.0 = Debug|Any CPU
		{CC7F1E2F-2550-4C43-BB8E-8F0CE382401F}.Release|Any CPU.ActiveCfg = Release|Any CPU
		{CC7F1E2F-2550-4C43-BB8E-8F0CE382401F}.Release|Any CPU.Build.0 = Release|Any CPU
		{CC7F1E2F-2550-4C43-BB8E-8F0CE382401F}.Release|x64.ActiveCfg = Release|Any CPU
		{CC7F1E2F-2550-4C43-BB8E-8F0CE382401F}.Release|x64.Build.0 = Release|Any CPU
		{CC7F1E2F-2550-4C43-BB8E-8F0CE382401F}.Release|x86.ActiveCfg = Release|Any CPU
		{CC7F1E2F-2550-4C43-BB8E-8F0CE382401F}.Release|x86.Build.0 = Release|Any CPU
		{2A7BDA47-84F7-46C0-9D4A-0B07821DA3A3}.Debug|Any CPU.ActiveCfg = Debug|Any CPU
		{2A7BDA47-84F7-46C0-9D4A-0B07821DA3A3}.Debug|Any CPU.Build.0 = Debug|Any CPU
		{2A7BDA47-84F7-46C0-9D4A-0B07821DA3A3}.Debug|x64.ActiveCfg = Debug|Any CPU
		{2A7BDA47-84F7-46C0-9D4A-0B07821DA3A3}.Debug|x64.Build.0 = Debug|Any CPU
		{2A7BDA47-84F7-46C0-9D4A-0B07821DA3A3}.Debug|x86.ActiveCfg = Debug|Any CPU
		{2A7BDA47-84F7-46C0-9D4A-0B07821DA3A3}.Debug|x86.Build.0 = Debug|Any CPU
		{2A7BDA47-84F7-46C0-9D4A-0B07821DA3A3}.Release|Any CPU.ActiveCfg = Release|Any CPU
		{2A7BDA47-84F7-46C0-9D4A-0B07821DA3A3}.Release|Any CPU.Build.0 = Release|Any CPU
		{2A7BDA47-84F7-46C0-9D4A-0B07821DA3A3}.Release|x64.ActiveCfg = Release|Any CPU
		{2A7BDA47-84F7-46C0-9D4A-0B07821DA3A3}.Release|x64.Build.0 = Release|Any CPU
		{2A7BDA47-84F7-46C0-9D4A-0B07821DA3A3}.Release|x86.ActiveCfg = Release|Any CPU
		{2A7BDA47-84F7-46C0-9D4A-0B07821DA3A3}.Release|x86.Build.0 = Release|Any CPU
		{F073FAA7-38A9-4C54-83FE-1024652C6FDF}.Debug|Any CPU.ActiveCfg = Debug|Any CPU
		{F073FAA7-38A9-4C54-83FE-1024652C6FDF}.Debug|Any CPU.Build.0 = Debug|Any CPU
		{F073FAA7-38A9-4C54-83FE-1024652C6FDF}.Debug|x64.ActiveCfg = Debug|Any CPU
		{F073FAA7-38A9-4C54-83FE-1024652C6FDF}.Debug|x64.Build.0 = Debug|Any CPU
		{F073FAA7-38A9-4C54-83FE-1024652C6FDF}.Debug|x86.ActiveCfg = Debug|Any CPU
		{F073FAA7-38A9-4C54-83FE-1024652C6FDF}.Debug|x86.Build.0 = Debug|Any CPU
		{F073FAA7-38A9-4C54-83FE-1024652C6FDF}.Release|Any CPU.ActiveCfg = Release|Any CPU
		{F073FAA7-38A9-4C54-83FE-1024652C6FDF}.Release|Any CPU.Build.0 = Release|Any CPU
		{F073FAA7-38A9-4C54-83FE-1024652C6FDF}.Release|x64.ActiveCfg = Release|Any CPU
		{F073FAA7-38A9-4C54-83FE-1024652C6FDF}.Release|x64.Build.0 = Release|Any CPU
		{F073FAA7-38A9-4C54-83FE-1024652C6FDF}.Release|x86.ActiveCfg = Release|Any CPU
		{F073FAA7-38A9-4C54-83FE-1024652C6FDF}.Release|x86.Build.0 = Release|Any CPU
		{8E8B7D62-75A3-4518-98B4-21480CC56B20}.Debug|Any CPU.ActiveCfg = Debug|Any CPU
		{8E8B7D62-75A3-4518-98B4-21480CC56B20}.Debug|Any CPU.Build.0 = Debug|Any CPU
		{8E8B7D62-75A3-4518-98B4-21480CC56B20}.Debug|x64.ActiveCfg = Debug|Any CPU
		{8E8B7D62-75A3-4518-98B4-21480CC56B20}.Debug|x64.Build.0 = Debug|Any CPU
		{8E8B7D62-75A3-4518-98B4-21480CC56B20}.Debug|x86.ActiveCfg = Debug|Any CPU
		{8E8B7D62-75A3-4518-98B4-21480CC56B20}.Debug|x86.Build.0 = Debug|Any CPU
		{8E8B7D62-75A3-4518-98B4-21480CC56B20}.Release|Any CPU.ActiveCfg = Release|Any CPU
		{8E8B7D62-75A3-4518-98B4-21480CC56B20}.Release|Any CPU.Build.0 = Release|Any CPU
		{8E8B7D62-75A3-4518-98B4-21480CC56B20}.Release|x64.ActiveCfg = Release|Any CPU
		{8E8B7D62-75A3-4518-98B4-21480CC56B20}.Release|x64.Build.0 = Release|Any CPU
		{8E8B7D62-75A3-4518-98B4-21480CC56B20}.Release|x86.ActiveCfg = Release|Any CPU
		{8E8B7D62-75A3-4518-98B4-21480CC56B20}.Release|x86.Build.0 = Release|Any CPU
		{87FF2EBA-77A9-4237-AE18-C0140838D54D}.Debug|Any CPU.ActiveCfg = Debug|Any CPU
		{87FF2EBA-77A9-4237-AE18-C0140838D54D}.Debug|Any CPU.Build.0 = Debug|Any CPU
		{87FF2EBA-77A9-4237-AE18-C0140838D54D}.Debug|x64.ActiveCfg = Debug|Any CPU
		{87FF2EBA-77A9-4237-AE18-C0140838D54D}.Debug|x64.Build.0 = Debug|Any CPU
		{87FF2EBA-77A9-4237-AE18-C0140838D54D}.Debug|x86.ActiveCfg = Debug|Any CPU
		{87FF2EBA-77A9-4237-AE18-C0140838D54D}.Debug|x86.Build.0 = Debug|Any CPU
		{87FF2EBA-77A9-4237-AE18-C0140838D54D}.Release|Any CPU.ActiveCfg = Release|Any CPU
		{87FF2EBA-77A9-4237-AE18-C0140838D54D}.Release|Any CPU.Build.0 = Release|Any CPU
		{87FF2EBA-77A9-4237-AE18-C0140838D54D}.Release|x64.ActiveCfg = Release|Any CPU
		{87FF2EBA-77A9-4237-AE18-C0140838D54D}.Release|x64.Build.0 = Release|Any CPU
		{87FF2EBA-77A9-4237-AE18-C0140838D54D}.Release|x86.ActiveCfg = Release|Any CPU
		{87FF2EBA-77A9-4237-AE18-C0140838D54D}.Release|x86.Build.0 = Release|Any CPU
		{A0448A40-961E-4FE2-BFBB-BC232533744F}.Debug|Any CPU.ActiveCfg = Debug|Any CPU
		{A0448A40-961E-4FE2-BFBB-BC232533744F}.Debug|Any CPU.Build.0 = Debug|Any CPU
		{A0448A40-961E-4FE2-BFBB-BC232533744F}.Debug|x64.ActiveCfg = Debug|Any CPU
		{A0448A40-961E-4FE2-BFBB-BC232533744F}.Debug|x64.Build.0 = Debug|Any CPU
		{A0448A40-961E-4FE2-BFBB-BC232533744F}.Debug|x86.ActiveCfg = Debug|Any CPU
		{A0448A40-961E-4FE2-BFBB-BC232533744F}.Debug|x86.Build.0 = Debug|Any CPU
		{A0448A40-961E-4FE2-BFBB-BC232533744F}.Release|Any CPU.ActiveCfg = Release|Any CPU
		{A0448A40-961E-4FE2-BFBB-BC232533744F}.Release|Any CPU.Build.0 = Release|Any CPU
		{A0448A40-961E-4FE2-BFBB-BC232533744F}.Release|x64.ActiveCfg = Release|Any CPU
		{A0448A40-961E-4FE2-BFBB-BC232533744F}.Release|x64.Build.0 = Release|Any CPU
		{A0448A40-961E-4FE2-BFBB-BC232533744F}.Release|x86.ActiveCfg = Release|Any CPU
		{A0448A40-961E-4FE2-BFBB-BC232533744F}.Release|x86.Build.0 = Release|Any CPU
	EndGlobalSection
	GlobalSection(NestedProjects) = preSolution
		{CC7F1E2F-2550-4C43-BB8E-8F0CE382401F} = {07B2D19B-87A2-4CE7-86FB-4BF7247A7C57}
		{2A7BDA47-84F7-46C0-9D4A-0B07821DA3A3} = {07B2D19B-87A2-4CE7-86FB-4BF7247A7C57}
		{F073FAA7-38A9-4C54-83FE-1024652C6FDF} = {07B2D19B-87A2-4CE7-86FB-4BF7247A7C57}
		{8E8B7D62-75A3-4518-98B4-21480CC56B20} = {12826ABB-3FF3-460E-801F-3AD3B3F2D3D2}
		{87FF2EBA-77A9-4237-AE18-C0140838D54D} = {12826ABB-3FF3-460E-801F-3AD3B3F2D3D2}
		{A0448A40-961E-4FE2-BFBB-BC232533744F} = {F68076D4-896C-43B9-B874-1042A85EBEC2}
	EndGlobalSection
EndGlobal
